
Microsoft Visual Studio Solution File, Format Version 12.00
# Visual Studio Version 17
VisualStudioVersion = 17.11.35208.52
MinimumVisualStudioVersion = 10.0.40219.1
Project("{FAE04EC0-301F-11D3-BF4B-00C04F79EFBC}") = "JosephFloresCodeFirst", "JosephFloresCodeFirst.csproj", "{A6EEECAE-EB4D-4993-BBC6-2BECADA094A8}"
EndProject
Global
	GlobalSection(SolutionConfigurationPlatforms) = preSolution
		Debug|Any CPU = Debug|Any CPU
		Release|Any CPU = Release|Any CPU
	EndGlobalSection
	GlobalSection(ProjectConfigurationPlatforms) = postSolution
		{A6EEECAE-EB4D-4993-BBC6-2BECADA094A8}.Debug|Any CPU.ActiveCfg = Debug|Any CPU
		{A6EEECAE-EB4D-4993-BBC6-2BECADA094A8}.Debug|Any CPU.Build.0 = Debug|Any CPU
		{A6EEECAE-EB4D-4993-BBC6-2BECADA094A8}.Release|Any CPU.ActiveCfg = Release|Any CPU
		{A6EEECAE-EB4D-4993-BBC6-2BECADA094A8}.Release|Any CPU.Build.0 = Release|Any CPU
	EndGlobalSection
	GlobalSection(SolutionProperties) = preSolution
		HideSolutionNode = FALSE
	EndGlobalSection
	GlobalSection(ExtensibilityGlobals) = postSolution
		SolutionGuid = {67E1F439-F479-47AF-A778-BC8C63E794B2}
	EndGlobalSection
EndGlobal
